// !$*UTF8*$!
{
	archiveVersion = 1;
	classes = {
	};
	objectVersion = 50;
	objects = {

/* Begin PBXBuildFile section */
		1F92D77F5DED7AFD0A62C415 /* Pods_VaccineAvailability.framework in Frameworks */ = {isa = PBXBuildFile; fileRef = F9115E56DE47464F5EAD09FA /* Pods_VaccineAvailability.framework */; };
		80183920264D548200A10B0C /* Hospital.swift in Sources */ = {isa = PBXBuildFile; fileRef = 8018391F264D548200A10B0C /* Hospital.swift */; };
		80624D63264D8F3400B034A5 /* LICENSE in Resources */ = {isa = PBXBuildFile; fileRef = 80624D62264D8F3400B034A5 /* LICENSE */; };
		80624D65264D8FC700B034A5 /* build.sh in Resources */ = {isa = PBXBuildFile; fileRef = 80624D64264D8FC700B034A5 /* build.sh */; };
		80624D67264D97DD00B034A5 /* CONTRIBUTING.md in Resources */ = {isa = PBXBuildFile; fileRef = 80624D66264D97DD00B034A5 /* CONTRIBUTING.md */; };
		80624D69264D980F00B034A5 /* Readme.md in Resources */ = {isa = PBXBuildFile; fileRef = 80624D68264D980F00B034A5 /* Readme.md */; };
		808E4D9C264D23B400C43244 /* SessionsParser.swift in Sources */ = {isa = PBXBuildFile; fileRef = 808E4D9B264D23B400C43244 /* SessionsParser.swift */; };
		808E4D9E264D244400C43244 /* Session.swift in Sources */ = {isa = PBXBuildFile; fileRef = 808E4D9D264D244400C43244 /* Session.swift */; };
		808E4DA0264D38A100C43244 /* MainAppView.swift in Sources */ = {isa = PBXBuildFile; fileRef = 808E4D9F264D38A100C43244 /* MainAppView.swift */; };
		8097F01126553B0600490B9A /* screenshot.jpg in Resources */ = {isa = PBXBuildFile; fileRef = 8097F01026553B0600490B9A /* screenshot.jpg */; };
		80F58265264B0FC200D000C8 /* VaccineAvailabilityApp.swift in Sources */ = {isa = PBXBuildFile; fileRef = 80F58264264B0FC200D000C8 /* VaccineAvailabilityApp.swift */; };
		80F58267264B0FC200D000C8 /* ContentView.swift in Sources */ = {isa = PBXBuildFile; fileRef = 80F58266264B0FC200D000C8 /* ContentView.swift */; };
		80F58269264B0FC300D000C8 /* Assets.xcassets in Resources */ = {isa = PBXBuildFile; fileRef = 80F58268264B0FC300D000C8 /* Assets.xcassets */; };
		80F5826C264B0FC300D000C8 /* Preview Assets.xcassets in Resources */ = {isa = PBXBuildFile; fileRef = 80F5826B264B0FC300D000C8 /* Preview Assets.xcassets */; };
		80F58275264B106700D000C8 /* AppDelegate.swift in Sources */ = {isa = PBXBuildFile; fileRef = 80F58274264B106700D000C8 /* AppDelegate.swift */; };
		80F58278264B1B9400D000C8 /* .gitignore in Resources */ = {isa = PBXBuildFile; fileRef = 80F58277264B1B9400D000C8 /* .gitignore */; };
		80FA9FC1264C701B0016B58C /* UserPreferenceReader.swift in Sources */ = {isa = PBXBuildFile; fileRef = 80FA9FC0264C701B0016B58C /* UserPreferenceReader.swift */; };
/* End PBXBuildFile section */

/* Begin PBXFileReference section */
		28340449DC03347C3F37A168 /* Pods-VaccineAvailability.release.xcconfig */ = {isa = PBXFileReference; includeInIndex = 1; lastKnownFileType = text.xcconfig; name = "Pods-VaccineAvailability.release.xcconfig"; path = "Target Support Files/Pods-VaccineAvailability/Pods-VaccineAvailability.release.xcconfig"; sourceTree = "<group>"; };
		8018391F264D548200A10B0C /* Hospital.swift */ = {isa = PBXFileReference; lastKnownFileType = sourcecode.swift; path = Hospital.swift; sourceTree = "<group>"; };
		80624D62264D8F3400B034A5 /* LICENSE */ = {isa = PBXFileReference; lastKnownFileType = text; path = LICENSE; sourceTree = "<group>"; };
		80624D64264D8FC700B034A5 /* build.sh */ = {isa = PBXFileReference; lastKnownFileType = text.script.sh; path = build.sh; sourceTree = "<group>"; };
		80624D66264D97DD00B034A5 /* CONTRIBUTING.md */ = {isa = PBXFileReference; lastKnownFileType = net.daringfireball.markdown; path = CONTRIBUTING.md; sourceTree = "<group>"; };
		80624D68264D980F00B034A5 /* Readme.md */ = {isa = PBXFileReference; lastKnownFileType = net.daringfireball.markdown; path = Readme.md; sourceTree = "<group>"; };
		808E4D9B264D23B400C43244 /* SessionsParser.swift */ = {isa = PBXFileReference; lastKnownFileType = sourcecode.swift; path = SessionsParser.swift; sourceTree = "<group>"; };
		808E4D9D264D244400C43244 /* Session.swift */ = {isa = PBXFileReference; lastKnownFileType = sourcecode.swift; path = Session.swift; sourceTree = "<group>"; };
		808E4D9F264D38A100C43244 /* MainAppView.swift */ = {isa = PBXFileReference; lastKnownFileType = sourcecode.swift; path = MainAppView.swift; sourceTree = "<group>"; };
		8097F01026553B0600490B9A /* screenshot.jpg */ = {isa = PBXFileReference; lastKnownFileType = image.jpeg; name = screenshot.jpg; path = ../../Desktop/screenshot.jpg; sourceTree = "<group>"; };
		80F58261264B0FC200D000C8 /* VaccineAvailability.app */ = {isa = PBXFileReference; explicitFileType = wrapper.application; includeInIndex = 0; path = VaccineAvailability.app; sourceTree = BUILT_PRODUCTS_DIR; };
		80F58264264B0FC200D000C8 /* VaccineAvailabilityApp.swift */ = {isa = PBXFileReference; lastKnownFileType = sourcecode.swift; path = VaccineAvailabilityApp.swift; sourceTree = "<group>"; };
		80F58266264B0FC200D000C8 /* ContentView.swift */ = {isa = PBXFileReference; lastKnownFileType = sourcecode.swift; path = ContentView.swift; sourceTree = "<group>"; };
		80F58268264B0FC300D000C8 /* Assets.xcassets */ = {isa = PBXFileReference; lastKnownFileType = folder.assetcatalog; path = Assets.xcassets; sourceTree = "<group>"; };
		80F5826B264B0FC300D000C8 /* Preview Assets.xcassets */ = {isa = PBXFileReference; lastKnownFileType = folder.assetcatalog; path = "Preview Assets.xcassets"; sourceTree = "<group>"; };
		80F5826D264B0FC300D000C8 /* Info.plist */ = {isa = PBXFileReference; lastKnownFileType = text.plist.xml; path = Info.plist; sourceTree = "<group>"; };
		80F5826E264B0FC300D000C8 /* VaccineAvailability.entitlements */ = {isa = PBXFileReference; lastKnownFileType = text.plist.entitlements; path = VaccineAvailability.entitlements; sourceTree = "<group>"; };
		80F58274264B106700D000C8 /* AppDelegate.swift */ = {isa = PBXFileReference; lastKnownFileType = sourcecode.swift; path = AppDelegate.swift; sourceTree = "<group>"; };
		80F58277264B1B9400D000C8 /* .gitignore */ = {isa = PBXFileReference; lastKnownFileType = text; path = .gitignore; sourceTree = "<group>"; };
		80FA9FC0264C701B0016B58C /* UserPreferenceReader.swift */ = {isa = PBXFileReference; lastKnownFileType = sourcecode.swift; path = UserPreferenceReader.swift; sourceTree = "<group>"; };
		9815D810140E129DFE7EAEBD /* Pods-VaccineAvailability.debug.xcconfig */ = {isa = PBXFileReference; includeInIndex = 1; lastKnownFileType = text.xcconfig; name = "Pods-VaccineAvailability.debug.xcconfig"; path = "Target Support Files/Pods-VaccineAvailability/Pods-VaccineAvailability.debug.xcconfig"; sourceTree = "<group>"; };
		F9115E56DE47464F5EAD09FA /* Pods_VaccineAvailability.framework */ = {isa = PBXFileReference; explicitFileType = wrapper.framework; includeInIndex = 0; path = Pods_VaccineAvailability.framework; sourceTree = BUILT_PRODUCTS_DIR; };
/* End PBXFileReference section */

/* Begin PBXFrameworksBuildPhase section */
		80F5825E264B0FC200D000C8 /* Frameworks */ = {
			isa = PBXFrameworksBuildPhase;
			buildActionMask = 2147483647;
			files = (
				1F92D77F5DED7AFD0A62C415 /* Pods_VaccineAvailability.framework in Frameworks */,
			);
			runOnlyForDeploymentPostprocessing = 0;
		};
/* End PBXFrameworksBuildPhase section */

/* Begin PBXGroup section */
		1A6E657C56BC64DF5400B1B2 /* Frameworks */ = {
			isa = PBXGroup;
			children = (
				F9115E56DE47464F5EAD09FA /* Pods_VaccineAvailability.framework */,
			);
			name = Frameworks;
			sourceTree = "<group>";
		};
		80F58258264B0FC200D000C8 = {
			isa = PBXGroup;
			children = (
				80F58263264B0FC200D000C8 /* VaccineAvailability */,
				80F58262264B0FC200D000C8 /* Products */,
				80624D64264D8FC700B034A5 /* build.sh */,
				80624D62264D8F3400B034A5 /* LICENSE */,
				80F58277264B1B9400D000C8 /* .gitignore */,
				80624D66264D97DD00B034A5 /* CONTRIBUTING.md */,
				80624D68264D980F00B034A5 /* Readme.md */,
				8097F01026553B0600490B9A /* screenshot.jpg */,
				97D9005EEAD63A49691B3584 /* Pods */,
				1A6E657C56BC64DF5400B1B2 /* Frameworks */,
			);
			sourceTree = "<group>";
		};
		80F58262264B0FC200D000C8 /* Products */ = {
			isa = PBXGroup;
			children = (
				80F58261264B0FC200D000C8 /* VaccineAvailability.app */,
			);
			name = Products;
			sourceTree = "<group>";
		};
		80F58263264B0FC200D000C8 /* VaccineAvailability */ = {
			isa = PBXGroup;
			children = (
				80F58274264B106700D000C8 /* AppDelegate.swift */,
				80F58266264B0FC200D000C8 /* ContentView.swift */,
				808E4D9F264D38A100C43244 /* MainAppView.swift */,
				80FA9FC0264C701B0016B58C /* UserPreferenceReader.swift */,
				80F58264264B0FC200D000C8 /* VaccineAvailabilityApp.swift */,
				808E4D9B264D23B400C43244 /* SessionsParser.swift */,
				8018391F264D548200A10B0C /* Hospital.swift */,
				808E4D9D264D244400C43244 /* Session.swift */,
				80F58268264B0FC300D000C8 /* Assets.xcassets */,
				80F5826D264B0FC300D000C8 /* Info.plist */,
				80F5826E264B0FC300D000C8 /* VaccineAvailability.entitlements */,
				80F5826A264B0FC300D000C8 /* Preview Content */,
			);
			path = VaccineAvailability;
			sourceTree = "<group>";
		};
		80F5826A264B0FC300D000C8 /* Preview Content */ = {
			isa = PBXGroup;
			children = (
				80F5826B264B0FC300D000C8 /* Preview Assets.xcassets */,
			);
			path = "Preview Content";
			sourceTree = "<group>";
		};
		97D9005EEAD63A49691B3584 /* Pods */ = {
			isa = PBXGroup;
			children = (
				9815D810140E129DFE7EAEBD /* Pods-VaccineAvailability.debug.xcconfig */,
				28340449DC03347C3F37A168 /* Pods-VaccineAvailability.release.xcconfig */,
			);
			path = Pods;
			sourceTree = "<group>";
		};
/* End PBXGroup section */

/* Begin PBXNativeTarget section */
		80F58260264B0FC200D000C8 /* VaccineAvailability */ = {
			isa = PBXNativeTarget;
			buildConfigurationList = 80F58271264B0FC300D000C8 /* Build configuration list for PBXNativeTarget "VaccineAvailability" */;
			buildPhases = (
				B0B0AB718C55881D76F24565 /* [CP] Check Pods Manifest.lock */,
				80F5825D264B0FC200D000C8 /* Sources */,
				80F5825E264B0FC200D000C8 /* Frameworks */,
				80F5825F264B0FC200D000C8 /* Resources */,
				4A6DC0E3B07B35C748CB416A /* [CP] Embed Pods Frameworks */,
			);
			buildRules = (
			);
			dependencies = (
			);
			name = VaccineAvailability;
			productName = VaccineAvailability;
			productReference = 80F58261264B0FC200D000C8 /* VaccineAvailability.app */;
			productType = "com.apple.product-type.application";
		};
/* End PBXNativeTarget section */

/* Begin PBXProject section */
		80F58259264B0FC200D000C8 /* Project object */ = {
			isa = PBXProject;
			attributes = {
				LastSwiftUpdateCheck = 1250;
				LastUpgradeCheck = 1250;
				TargetAttributes = {
					80F58260264B0FC200D000C8 = {
						CreatedOnToolsVersion = 12.5;
					};
				};
			};
			buildConfigurationList = 80F5825C264B0FC200D000C8 /* Build configuration list for PBXProject "VaccineAvailability" */;
			compatibilityVersion = "Xcode 9.3";
			developmentRegion = en;
			hasScannedForEncodings = 0;
			knownRegions = (
				en,
				Base,
			);
			mainGroup = 80F58258264B0FC200D000C8;
			productRefGroup = 80F58262264B0FC200D000C8 /* Products */;
			projectDirPath = "";
			projectRoot = "";
			targets = (
				80F58260264B0FC200D000C8 /* VaccineAvailability */,
			);
		};
/* End PBXProject section */

/* Begin PBXResourcesBuildPhase section */
		80F5825F264B0FC200D000C8 /* Resources */ = {
			isa = PBXResourcesBuildPhase;
			buildActionMask = 2147483647;
			files = (
				80624D69264D980F00B034A5 /* Readme.md in Resources */,
				80F5826C264B0FC300D000C8 /* Preview Assets.xcassets in Resources */,
				80F58278264B1B9400D000C8 /* .gitignore in Resources */,
				8097F01126553B0600490B9A /* screenshot.jpg in Resources */,
				80624D67264D97DD00B034A5 /* CONTRIBUTING.md in Resources */,
				80624D63264D8F3400B034A5 /* LICENSE in Resources */,
				80F58269264B0FC300D000C8 /* Assets.xcassets in Resources */,
				80624D65264D8FC700B034A5 /* build.sh in Resources */,
			);
			runOnlyForDeploymentPostprocessing = 0;
		};
/* End PBXResourcesBuildPhase section */

/* Begin PBXShellScriptBuildPhase section */
		4A6DC0E3B07B35C748CB416A /* [CP] Embed Pods Frameworks */ = {
			isa = PBXShellScriptBuildPhase;
			buildActionMask = 2147483647;
			files = (
			);
			inputFileListPaths = (
			);
			inputPaths = (
				"${PODS_ROOT}/Target Support Files/Pods-VaccineAvailability/Pods-VaccineAvailability-frameworks.sh",
				"${BUILT_PRODUCTS_DIR}/Alamofire/Alamofire.framework",
				"${BUILT_PRODUCTS_DIR}/SwiftyJSON/SwiftyJSON.framework",
			);
			name = "[CP] Embed Pods Frameworks";
			outputFileListPaths = (
			);
			outputPaths = (
				"${TARGET_BUILD_DIR}/${FRAMEWORKS_FOLDER_PATH}/Alamofire.framework",
				"${TARGET_BUILD_DIR}/${FRAMEWORKS_FOLDER_PATH}/SwiftyJSON.framework",
			);
			runOnlyForDeploymentPostprocessing = 0;
			shellPath = /bin/sh;
			shellScript = "\"${PODS_ROOT}/Target Support Files/Pods-VaccineAvailability/Pods-VaccineAvailability-frameworks.sh\"\n";
			showEnvVarsInLog = 0;
		};
		B0B0AB718C55881D76F24565 /* [CP] Check Pods Manifest.lock */ = {
			isa = PBXShellScriptBuildPhase;
			buildActionMask = 2147483647;
			files = (
			);
			inputFileListPaths = (
			);
			inputPaths = (
				"${PODS_PODFILE_DIR_PATH}/Podfile.lock",
				"${PODS_ROOT}/Manifest.lock",
			);
			name = "[CP] Check Pods Manifest.lock";
			outputFileListPaths = (
			);
			outputPaths = (
				"$(DERIVED_FILE_DIR)/Pods-VaccineAvailability-checkManifestLockResult.txt",
			);
			runOnlyForDeploymentPostprocessing = 0;
			shellPath = /bin/sh;
			shellScript = "diff \"${PODS_PODFILE_DIR_PATH}/Podfile.lock\" \"${PODS_ROOT}/Manifest.lock\" > /dev/null\nif [ $? != 0 ] ; then\n    # print error to STDERR\n    echo \"error: The sandbox is not in sync with the Podfile.lock. Run 'pod install' or update your CocoaPods installation.\" >&2\n    exit 1\nfi\n# This output is used by Xcode 'outputs' to avoid re-running this script phase.\necho \"SUCCESS\" > \"${SCRIPT_OUTPUT_FILE_0}\"\n";
			showEnvVarsInLog = 0;
		};
/* End PBXShellScriptBuildPhase section */

/* Begin PBXSourcesBuildPhase section */
		80F5825D264B0FC200D000C8 /* Sources */ = {
			isa = PBXSourcesBuildPhase;
			buildActionMask = 2147483647;
			files = (
				80F58275264B106700D000C8 /* AppDelegate.swift in Sources */,
				80F58267264B0FC200D000C8 /* ContentView.swift in Sources */,
				808E4DA0264D38A100C43244 /* MainAppView.swift in Sources */,
				808E4D9E264D244400C43244 /* Session.swift in Sources */,
				80FA9FC1264C701B0016B58C /* UserPreferenceReader.swift in Sources */,
				80183920264D548200A10B0C /* Hospital.swift in Sources */,
				808E4D9C264D23B400C43244 /* SessionsParser.swift in Sources */,
				80F58265264B0FC200D000C8 /* VaccineAvailabilityApp.swift in Sources */,
			);
			runOnlyForDeploymentPostprocessing = 0;
		};
/* End PBXSourcesBuildPhase section */

/* Begin XCBuildConfiguration section */
		80F5826F264B0FC300D000C8 /* Debug */ = {
			isa = XCBuildConfiguration;
			buildSettings = {
				ALWAYS_SEARCH_USER_PATHS = NO;
				CLANG_ANALYZER_NONNULL = YES;
				CLANG_ANALYZER_NUMBER_OBJECT_CONVERSION = YES_AGGRESSIVE;
				CLANG_CXX_LANGUAGE_STANDARD = "gnu++14";
				CLANG_CXX_LIBRARY = "libc++";
				CLANG_ENABLE_MODULES = YES;
				CLANG_ENABLE_OBJC_ARC = YES;
				CLANG_ENABLE_OBJC_WEAK = YES;
				CLANG_WARN_BLOCK_CAPTURE_AUTORELEASING = YES;
				CLANG_WARN_BOOL_CONVERSION = YES;
				CLANG_WARN_COMMA = YES;
				CLANG_WARN_CONSTANT_CONVERSION = YES;
				CLANG_WARN_DEPRECATED_OBJC_IMPLEMENTATIONS = YES;
				CLANG_WARN_DIRECT_OBJC_ISA_USAGE = YES_ERROR;
				CLANG_WARN_DOCUMENTATION_COMMENTS = YES;
				CLANG_WARN_EMPTY_BODY = YES;
				CLANG_WARN_ENUM_CONVERSION = YES;
				CLANG_WARN_INFINITE_RECURSION = YES;
				CLANG_WARN_INT_CONVERSION = YES;
				CLANG_WARN_NON_LITERAL_NULL_CONVERSION = YES;
				CLANG_WARN_OBJC_IMPLICIT_RETAIN_SELF = YES;
				CLANG_WARN_OBJC_LITERAL_CONVERSION = YES;
				CLANG_WARN_OBJC_ROOT_CLASS = YES_ERROR;
				CLANG_WARN_QUOTED_INCLUDE_IN_FRAMEWORK_HEADER = YES;
				CLANG_WARN_RANGE_LOOP_ANALYSIS = YES;
				CLANG_WARN_STRICT_PROTOTYPES = YES;
				CLANG_WARN_SUSPICIOUS_MOVE = YES;
				CLANG_WARN_UNGUARDED_AVAILABILITY = YES_AGGRESSIVE;
				CLANG_WARN_UNREACHABLE_CODE = YES;
				CLANG_WARN__DUPLICATE_METHOD_MATCH = YES;
				COPY_PHASE_STRIP = NO;
				DEBUG_INFORMATION_FORMAT = dwarf;
				ENABLE_STRICT_OBJC_MSGSEND = YES;
				ENABLE_TESTABILITY = YES;
				GCC_C_LANGUAGE_STANDARD = gnu11;
				GCC_DYNAMIC_NO_PIC = NO;
				GCC_NO_COMMON_BLOCKS = YES;
				GCC_OPTIMIZATION_LEVEL = 0;
				GCC_PREPROCESSOR_DEFINITIONS = (
					"DEBUG=1",
					"$(inherited)",
				);
				GCC_WARN_64_TO_32_BIT_CONVERSION = YES;
				GCC_WARN_ABOUT_RETURN_TYPE = YES_ERROR;
				GCC_WARN_UNDECLARED_SELECTOR = YES;
				GCC_WARN_UNINITIALIZED_AUTOS = YES_AGGRESSIVE;
				GCC_WARN_UNUSED_FUNCTION = YES;
				GCC_WARN_UNUSED_VARIABLE = YES;
				MACOSX_DEPLOYMENT_TARGET = 11.2;
				MTL_ENABLE_DEBUG_INFO = INCLUDE_SOURCE;
				MTL_FAST_MATH = YES;
				ONLY_ACTIVE_ARCH = YES;
				SDKROOT = macosx;
				SWIFT_ACTIVE_COMPILATION_CONDITIONS = DEBUG;
				SWIFT_OPTIMIZATION_LEVEL = "-Onone";
			};
			name = Debug;
		};
		80F58270264B0FC300D000C8 /* Release */ = {
			isa = XCBuildConfiguration;
			buildSettings = {
				ALWAYS_SEARCH_USER_PATHS = NO;
				CLANG_ANALYZER_NONNULL = YES;
				CLANG_ANALYZER_NUMBER_OBJECT_CONVERSION = YES_AGGRESSIVE;
				CLANG_CXX_LANGUAGE_STANDARD = "gnu++14";
				CLANG_CXX_LIBRARY = "libc++";
				CLANG_ENABLE_MODULES = YES;
				CLANG_ENABLE_OBJC_ARC = YES;
				CLANG_ENABLE_OBJC_WEAK = YES;
				CLANG_WARN_BLOCK_CAPTURE_AUTORELEASING = YES;
				CLANG_WARN_BOOL_CONVERSION = YES;
				CLANG_WARN_COMMA = YES;
				CLANG_WARN_CONSTANT_CONVERSION = YES;
				CLANG_WARN_DEPRECATED_OBJC_IMPLEMENTATIONS = YES;
				CLANG_WARN_DIRECT_OBJC_ISA_USAGE = YES_ERROR;
				CLANG_WARN_DOCUMENTATION_COMMENTS = YES;
				CLANG_WARN_EMPTY_BODY = YES;
				CLANG_WARN_ENUM_CONVERSION = YES;
				CLANG_WARN_INFINITE_RECURSION = YES;
				CLANG_WARN_INT_CONVERSION = YES;
				CLANG_WARN_NON_LITERAL_NULL_CONVERSION = YES;
				CLANG_WARN_OBJC_IMPLICIT_RETAIN_SELF = YES;
				CLANG_WARN_OBJC_LITERAL_CONVERSION = YES;
				CLANG_WARN_OBJC_ROOT_CLASS = YES_ERROR;
				CLANG_WARN_QUOTED_INCLUDE_IN_FRAMEWORK_HEADER = YES;
				CLANG_WARN_RANGE_LOOP_ANALYSIS = YES;
				CLANG_WARN_STRICT_PROTOTYPES = YES;
				CLANG_WARN_SUSPICIOUS_MOVE = YES;
				CLANG_WARN_UNGUARDED_AVAILABILITY = YES_AGGRESSIVE;
				CLANG_WARN_UNREACHABLE_CODE = YES;
				CLANG_WARN__DUPLICATE_METHOD_MATCH = YES;
				COPY_PHASE_STRIP = NO;
				DEBUG_INFORMATION_FORMAT = "dwarf-with-dsym";
				ENABLE_NS_ASSERTIONS = NO;
				ENABLE_STRICT_OBJC_MSGSEND = YES;
				GCC_C_LANGUAGE_STANDARD = gnu11;
				GCC_NO_COMMON_BLOCKS = YES;
				GCC_WARN_64_TO_32_BIT_CONVERSION = YES;
				GCC_WARN_ABOUT_RETURN_TYPE = YES_ERROR;
				GCC_WARN_UNDECLARED_SELECTOR = YES;
				GCC_WARN_UNINITIALIZED_AUTOS = YES_AGGRESSIVE;
				GCC_WARN_UNUSED_FUNCTION = YES;
				GCC_WARN_UNUSED_VARIABLE = YES;
				MACOSX_DEPLOYMENT_TARGET = 11.2;
				MTL_ENABLE_DEBUG_INFO = NO;
				MTL_FAST_MATH = YES;
				SDKROOT = macosx;
				SWIFT_COMPILATION_MODE = wholemodule;
				SWIFT_OPTIMIZATION_LEVEL = "-O";
			};
			name = Release;
		};
		80F58272264B0FC300D000C8 /* Debug */ = {
			isa = XCBuildConfiguration;
			baseConfigurationReference = 9815D810140E129DFE7EAEBD /* Pods-VaccineAvailability.debug.xcconfig */;
			buildSettings = {
				ASSETCATALOG_COMPILER_APPICON_NAME = AppIcon;
				ASSETCATALOG_COMPILER_GLOBAL_ACCENT_COLOR_NAME = AccentColor;
				CODE_SIGN_ENTITLEMENTS = VaccineAvailability/VaccineAvailability.entitlements;
				CODE_SIGN_IDENTITY = "-";
				CODE_SIGN_STYLE = Automatic;
				COMBINE_HIDPI_IMAGES = YES;
				DEVELOPMENT_ASSET_PATHS = "\"VaccineAvailability/Preview Content\"";
				ENABLE_PREVIEWS = YES;
				INFOPLIST_FILE = VaccineAvailability/Info.plist;
				LD_RUNPATH_SEARCH_PATHS = (
					"$(inherited)",
					"@executable_path/../Frameworks",
				);
				MACOSX_DEPLOYMENT_TARGET = 11.0;
				PRODUCT_BUNDLE_IDENTIFIER = com.ritz.VaccineAvailability;
				PRODUCT_NAME = "$(TARGET_NAME)";
				SWIFT_VERSION = 5.0;
			};
			name = Debug;
		};
		80F58273264B0FC300D000C8 /* Release */ = {
			isa = XCBuildConfiguration;
			baseConfigurationReference = 28340449DC03347C3F37A168 /* Pods-VaccineAvailability.release.xcconfig */;
			buildSettings = {
				ASSETCATALOG_COMPILER_APPICON_NAME = AppIcon;
				ASSETCATALOG_COMPILER_GLOBAL_ACCENT_COLOR_NAME = AccentColor;
				CODE_SIGN_ENTITLEMENTS = VaccineAvailability/VaccineAvailability.entitlements;
				CODE_SIGN_IDENTITY = "-";
				CODE_SIGN_STYLE = Automatic;
				COMBINE_HIDPI_IMAGES = YES;
				DEVELOPMENT_ASSET_PATHS = "\"VaccineAvailability/Preview Content\"";
				ENABLE_PREVIEWS = YES;
				INFOPLIST_FILE = VaccineAvailability/Info.plist;
				LD_RUNPATH_SEARCH_PATHS = (
					"$(inherited)",
					"@executable_path/../Frameworks",
				);
				MACOSX_DEPLOYMENT_TARGET = 11.0;
				PRODUCT_BUNDLE_IDENTIFIER = com.ritz.VaccineAvailability;
				PRODUCT_NAME = "$(TARGET_NAME)";
				SWIFT_VERSION = 5.0;
			};
			name = Release;
		};
/* End XCBuildConfiguration section */

/* Begin XCConfigurationList section */
		80F5825C264B0FC200D000C8 /* Build configuration list for PBXProject "VaccineAvailability" */ = {
			isa = XCConfigurationList;
			buildConfigurations = (
				80F5826F264B0FC300D000C8 /* Debug */,
				80F58270264B0FC300D000C8 /* Release */,
			);
			defaultConfigurationIsVisible = 0;
			defaultConfigurationName = Release;
		};
		80F58271264B0FC300D000C8 /* Build configuration list for PBXNativeTarget "VaccineAvailability" */ = {
			isa = XCConfigurationList;
			buildConfigurations = (
				80F58272264B0FC300D000C8 /* Debug */,
				80F58273264B0FC300D000C8 /* Release */,
			);
			defaultConfigurationIsVisible = 0;
			defaultConfigurationName = Release;
		};
/* End XCConfigurationList section */
	};
	rootObject = 80F58259264B0FC200D000C8 /* Project object */;
}
